
Microsoft Visual Studio Solution File, Format Version 12.00
# Visual Studio Version 17
VisualStudioVersion = 17.6.33815.320
MinimumVisualStudioVersion = 10.0.40219.1
Project("{FAE04EC0-301F-11D3-BF4B-00C04F79EFBC}") = "RoomsApiCrudIdentity", "RoomsApiCrudIdentity\RoomsApiCrudIdentity.csproj", "{C5B819B7-DBB2-4D0A-861E-2405E8F22DBD}"
EndProject
Global
	GlobalSection(SolutionConfigurationPlatforms) = preSolution
		Debug|Any CPU = Debug|Any CPU
		Release|Any CPU = Release|Any CPU
	EndGlobalSection
	GlobalSection(ProjectConfigurationPlatforms) = postSolution
		{C5B819B7-DBB2-4D0A-861E-2405E8F22DBD}.Debug|Any CPU.ActiveCfg = Debug|Any CPU
		{C5B819B7-DBB2-4D0A-861E-2405E8F22DBD}.Debug|Any CPU.Build.0 = Debug|Any CPU
		{C5B819B7-DBB2-4D0A-861E-2405E8F22DBD}.Release|Any CPU.ActiveCfg = Release|Any CPU
		{C5B819B7-DBB2-4D0A-861E-2405E8F22DBD}.Release|Any CPU.Build.0 = Release|Any CPU
	EndGlobalSection
	GlobalSection(SolutionProperties) = preSolution
		HideSolutionNode = FALSE
	EndGlobalSection
	GlobalSection(ExtensibilityGlobals) = postSolution
		SolutionGuid = {89CA0D98-8EAD-4DD5-8B31-B413DD0405B9}
	EndGlobalSection
EndGlobal
